{
  "name": "dynamic-3d-art",
  "version": "1.0.0",
  "lockfileVersion": 3,
  "requires": true,
  "packages": {
    "": {
      "name": "dynamic-3d-art",
      "version": "1.0.0",
      "license": "ISC",
      "dependencies": {
        "ccapture.js": "^1.1.0",
        "dat.gui": "^0.7.9",
        "stats-js": "^1.0.1",
        "three": "^0.167.1",
        "whammy": "^0.0.1"
      }
    },
    "node_modules/ccapture.js": {
      "version": "1.1.0",
      "resolved": "https://registry.npmjs.org/ccapture.js/-/ccapture.js-1.1.0.tgz",
      "integrity": "sha512-28kiHJzFsZ6b0OTfKpWpEwK2n/LTAgytK1uzB+413dzjHltdh2hP5Yg2qR0+9Xw3XoBMz5UkGCh8Ektr2rVlmw==",
      "license": "MIT"
    },
    "node_modules/dat.gui": {
      "version": "0.7.9",
      "resolved": "https://registry.npmjs.org/dat.gui/-/dat.gui-0.7.9.tgz",
      "integrity": "sha512-sCNc1OHobc+Erc1HqiswYgHdVNpSJUlk/Hz8vzOCsER7rl+oF/4+v8GXFUyCgtXpoCX6+bnmg07DedLvBLwYKQ==",
      "license": "Apache-2.0"
    },
    "node_modules/stats-js": {
      "version": "1.0.1",
      "resolved": "https://registry.npmjs.org/stats-js/-/stats-js-1.0.1.tgz",
      "integrity": "sha512-EAwEFghGNv8mlYC4CZzI5kWghsnP8uBKXw6VLRHtXkOk5xySfUKLTqTkjgJFfDluIkf/O7eZwi5MXP50VeTbUg==",
      "license": "MIT"
    },
    "node_modules/three": {
      "version": "0.167.1",
      "resolved": "https://registry.npmjs.org/three/-/three-0.167.1.tgz",
      "integrity": "sha512-gYTLJA/UQip6J/tJvl91YYqlZF47+D/kxiWrbTon35ZHlXEN0VOo+Qke2walF1/x92v55H6enomymg4Dak52kw==",
      "license": "MIT"
    },
    "node_modules/whammy": {
      "version": "0.0.1",
      "resolved": "https://registry.npmjs.org/whammy/-/whammy-0.0.1.tgz",
      "integrity": "sha512-H8J4+I5ISuOZXAZiNMZXD71+oZIM6szrgYG8wt4dCpDNEU8mogxPGvgMIFg/BhkuptOLbtW0X34E/YE6a75ujg==",
      "license": "BSD-2-Clause"
    }
  }
}
